
Microsoft Visual Studio Solution File, Format Version 12.00
# Visual Studio Version 17
VisualStudioVersion = 17.7.34024.191
MinimumVisualStudioVersion = 10.0.40219.1
Project("{FAE04EC0-301F-11D3-BF4B-00C04F79EFBC}") = "Лабораторная 5", "Лабораторная 5\Лабораторная 5.csproj", "{FDD711B2-7D06-4F14-9C5D-4F698A9A9FEE}"
EndProject
Global
	GlobalSection(SolutionConfigurationPlatforms) = preSolution
		Debug|Any CPU = Debug|Any CPU
		Release|Any CPU = Release|Any CPU
	EndGlobalSection
	GlobalSection(ProjectConfigurationPlatforms) = postSolution
		{FDD711B2-7D06-4F14-9C5D-4F698A9A9FEE}.Debug|Any CPU.ActiveCfg = Debug|Any CPU
		{FDD711B2-7D06-4F14-9C5D-4F698A9A9FEE}.Debug|Any CPU.Build.0 = Debug|Any CPU
		{FDD711B2-7D06-4F14-9C5D-4F698A9A9FEE}.Release|Any CPU.ActiveCfg = Release|Any CPU
		{FDD711B2-7D06-4F14-9C5D-4F698A9A9FEE}.Release|Any CPU.Build.0 = Release|Any CPU
	EndGlobalSection
	GlobalSection(SolutionProperties) = preSolution
		HideSolutionNode = FALSE
	EndGlobalSection
	GlobalSection(ExtensibilityGlobals) = postSolution
		SolutionGuid = {77EAFFA3-E5C6-4FBE-8173-8522F022F3A9}
	EndGlobalSection
EndGlobal
